// !$*UTF8*$!
{
	archiveVersion = 1;
	classes = {
	};
	objectVersion = 50;
	objects = {

/* Begin PBXBuildFile section */
		3545F82521559BE8006F4AAF /* AppDelegate.swift in Sources */ = {isa = PBXBuildFile; fileRef = 3545F82421559BE8006F4AAF /* AppDelegate.swift */; };
		3545F82721559BE8006F4AAF /* ViewController.swift in Sources */ = {isa = PBXBuildFile; fileRef = 3545F82621559BE8006F4AAF /* ViewController.swift */; };
		3545F82A21559BE8006F4AAF /* Main.storyboard in Resources */ = {isa = PBXBuildFile; fileRef = 3545F82821559BE8006F4AAF /* Main.storyboard */; };
		3545F82C21559BEB006F4AAF /* Assets.xcassets in Resources */ = {isa = PBXBuildFile; fileRef = 3545F82B21559BEB006F4AAF /* Assets.xcassets */; };
		3545F82F21559BEB006F4AAF /* LaunchScreen.storyboard in Resources */ = {isa = PBXBuildFile; fileRef = 3545F82D21559BEB006F4AAF /* LaunchScreen.storyboard */; };
		3545F83A21559BEB006F4AAF /* pokedex3Tests.swift in Sources */ = {isa = PBXBuildFile; fileRef = 3545F83921559BEB006F4AAF /* pokedex3Tests.swift */; };
		3545F84521559BEB006F4AAF /* pokedex3UITests.swift in Sources */ = {isa = PBXBuildFile; fileRef = 3545F84421559BEB006F4AAF /* pokedex3UITests.swift */; };
/* End PBXBuildFile section */

/* Begin PBXContainerItemProxy section */
		3545F83621559BEB006F4AAF /* PBXContainerItemProxy */ = {
			isa = PBXContainerItemProxy;
			containerPortal = 3545F81921559BE8006F4AAF /* Project object */;
			proxyType = 1;
			remoteGlobalIDString = 3545F82021559BE8006F4AAF;
			remoteInfo = pokedex3;
		};
		3545F84121559BEB006F4AAF /* PBXContainerItemProxy */ = {
			isa = PBXContainerItemProxy;
			containerPortal = 3545F81921559BE8006F4AAF /* Project object */;
			proxyType = 1;
			remoteGlobalIDString = 3545F82021559BE8006F4AAF;
			remoteInfo = pokedex3;
		};
/* End PBXContainerItemProxy section */

/* Begin PBXFileReference section */
		3545F82121559BE8006F4AAF /* pokedex3.app */ = {isa = PBXFileReference; explicitFileType = wrapper.application; includeInIndex = 0; path = pokedex3.app; sourceTree = BUILT_PRODUCTS_DIR; };
		3545F82421559BE8006F4AAF /* AppDelegate.swift */ = {isa = PBXFileReference; lastKnownFileType = sourcecode.swift; path = AppDelegate.swift; sourceTree = "<group>"; };
		3545F82621559BE8006F4AAF /* ViewController.swift */ = {isa = PBXFileReference; lastKnownFileType = sourcecode.swift; path = ViewController.swift; sourceTree = "<group>"; };
		3545F82921559BE8006F4AAF /* Base */ = {isa = PBXFileReference; lastKnownFileType = file.storyboard; name = Base; path = Base.lproj/Main.storyboard; sourceTree = "<group>"; };
		3545F82B21559BEB006F4AAF /* Assets.xcassets */ = {isa = PBXFileReference; lastKnownFileType = folder.assetcatalog; path = Assets.xcassets; sourceTree = "<group>"; };
		3545F82E21559BEB006F4AAF /* Base */ = {isa = PBXFileReference; lastKnownFileType = file.storyboard; name = Base; path = Base.lproj/LaunchScreen.storyboard; sourceTree = "<group>"; };
		3545F83021559BEB006F4AAF /* Info.plist */ = {isa = PBXFileReference; lastKnownFileType = text.plist.xml; path = Info.plist; sourceTree = "<group>"; };
		3545F83521559BEB006F4AAF /* pokedex3Tests.xctest */ = {isa = PBXFileReference; explicitFileType = wrapper.cfbundle; includeInIndex = 0; path = pokedex3Tests.xctest; sourceTree = BUILT_PRODUCTS_DIR; };
		3545F83921559BEB006F4AAF /* pokedex3Tests.swift */ = {isa = PBXFileReference; lastKnownFileType = sourcecode.swift; path = pokedex3Tests.swift; sourceTree = "<group>"; };
		3545F83B21559BEB006F4AAF /* Info.plist */ = {isa = PBXFileReference; lastKnownFileType = text.plist.xml; path = Info.plist; sourceTree = "<group>"; };
		3545F84021559BEB006F4AAF /* pokedex3UITests.xctest */ = {isa = PBXFileReference; explicitFileType = wrapper.cfbundle; includeInIndex = 0; path = pokedex3UITests.xctest; sourceTree = BUILT_PRODUCTS_DIR; };
		3545F84421559BEB006F4AAF /* pokedex3UITests.swift */ = {isa = PBXFileReference; lastKnownFileType = sourcecode.swift; path = pokedex3UITests.swift; sourceTree = "<group>"; };
		3545F84621559BEB006F4AAF /* Info.plist */ = {isa = PBXFileReference; lastKnownFileType = text.plist.xml; path = Info.plist; sourceTree = "<group>"; };
/* End PBXFileReference section */

/* Begin PBXFrameworksBuildPhase section */
		3545F81E21559BE8006F4AAF /* Frameworks */ = {
			isa = PBXFrameworksBuildPhase;
			buildActionMask = 2147483647;
			files = (
			);
			runOnlyForDeploymentPostprocessing = 0;
		};
		3545F83221559BEB006F4AAF /* Frameworks */ = {
			isa = PBXFrameworksBuildPhase;
			buildActionMask = 2147483647;
			files = (
			);
			runOnlyForDeploymentPostprocessing = 0;
		};
		3545F83D21559BEB006F4AAF /* Frameworks */ = {
			isa = PBXFrameworksBuildPhase;
			buildActionMask = 2147483647;
			files = (
			);
			runOnlyForDeploymentPostprocessing = 0;
		};
/* End PBXFrameworksBuildPhase section */

/* Begin PBXGroup section */
		3545F81821559BE8006F4AAF = {
			isa = PBXGroup;
			children = (
				3545F82321559BE8006F4AAF /* pokedex3 */,
				3545F83821559BEB006F4AAF /* pokedex3Tests */,
				3545F84321559BEB006F4AAF /* pokedex3UITests */,
				3545F82221559BE8006F4AAF /* Products */,
			);
			sourceTree = "<group>";
		};
		3545F82221559BE8006F4AAF /* Products */ = {
			isa = PBXGroup;
			children = (
				3545F82121559BE8006F4AAF /* pokedex3.app */,
				3545F83521559BEB006F4AAF /* pokedex3Tests.xctest */,
				3545F84021559BEB006F4AAF /* pokedex3UITests.xctest */,
			);
			name = Products;
			sourceTree = "<group>";
		};
		3545F82321559BE8006F4AAF /* pokedex3 */ = {
			isa = PBXGroup;
			children = (
				3545F82421559BE8006F4AAF /* AppDelegate.swift */,
				3545F82621559BE8006F4AAF /* ViewController.swift */,
				3545F82821559BE8006F4AAF /* Main.storyboard */,
				3545F82B21559BEB006F4AAF /* Assets.xcassets */,
				3545F82D21559BEB006F4AAF /* LaunchScreen.storyboard */,
				3545F83021559BEB006F4AAF /* Info.plist */,
			);
			path = pokedex3;
			sourceTree = "<group>";
		};
		3545F83821559BEB006F4AAF /* pokedex3Tests */ = {
			isa = PBXGroup;
			children = (
				3545F83921559BEB006F4AAF /* pokedex3Tests.swift */,
				3545F83B21559BEB006F4AAF /* Info.plist */,
			);
			path = pokedex3Tests;
			sourceTree = "<group>";
		};
		3545F84321559BEB006F4AAF /* pokedex3UITests */ = {
			isa = PBXGroup;
			children = (
				3545F84421559BEB006F4AAF /* pokedex3UITests.swift */,
				3545F84621559BEB006F4AAF /* Info.plist */,
			);
			path = pokedex3UITests;
			sourceTree = "<group>";
		};
/* End PBXGroup section */

/* Begin PBXNativeTarget section */
		3545F82021559BE8006F4AAF /* pokedex3 */ = {
			isa = PBXNativeTarget;
			buildConfigurationList = 3545F84921559BEB006F4AAF /* Build configuration list for PBXNativeTarget "pokedex3" */;
			buildPhases = (
				3545F81D21559BE8006F4AAF /* Sources */,
				3545F81E21559BE8006F4AAF /* Frameworks */,
				3545F81F21559BE8006F4AAF /* Resources */,
			);
			buildRules = (
			);
			dependencies = (
			);
			name = pokedex3;
			productName = pokedex3;
			productReference = 3545F82121559BE8006F4AAF /* pokedex3.app */;
			productType = "com.apple.product-type.application";
		};
		3545F83421559BEB006F4AAF /* pokedex3Tests */ = {
			isa = PBXNativeTarget;
			buildConfigurationList = 3545F84C21559BEB006F4AAF /* Build configuration list for PBXNativeTarget "pokedex3Tests" */;
			buildPhases = (
				3545F83121559BEB006F4AAF /* Sources */,
				3545F83221559BEB006F4AAF /* Frameworks */,
				3545F83321559BEB006F4AAF /* Resources */,
			);
			buildRules = (
			);
			dependencies = (
				3545F83721559BEB006F4AAF /* PBXTargetDependency */,
			);
			name = pokedex3Tests;
			productName = pokedex3Tests;
			productReference = 3545F83521559BEB006F4AAF /* pokedex3Tests.xctest */;
			productType = "com.apple.product-type.bundle.unit-test";
		};
		3545F83F21559BEB006F4AAF /* pokedex3UITests */ = {
			isa = PBXNativeTarget;
			buildConfigurationList = 3545F84F21559BEB006F4AAF /* Build configuration list for PBXNativeTarget "pokedex3UITests" */;
			buildPhases = (
				3545F83C21559BEB006F4AAF /* Sources */,
				3545F83D21559BEB006F4AAF /* Frameworks */,
				3545F83E21559BEB006F4AAF /* Resources */,
			);
			buildRules = (
			);
			dependencies = (
				3545F84221559BEB006F4AAF /* PBXTargetDependency */,
			);
			name = pokedex3UITests;
			productName = pokedex3UITests;
			productReference = 3545F84021559BEB006F4AAF /* pokedex3UITests.xctest */;
			productType = "com.apple.product-type.bundle.ui-testing";
		};
/* End PBXNativeTarget section */

/* Begin PBXProject section */
		3545F81921559BE8006F4AAF /* Project object */ = {
			isa = PBXProject;
			attributes = {
				LastSwiftUpdateCheck = 0940;
				LastUpgradeCheck = 0940;
				ORGANIZATIONNAME = IOStraining;
				TargetAttributes = {
					3545F82021559BE8006F4AAF = {
						CreatedOnToolsVersion = 9.4.1;
					};
					3545F83421559BEB006F4AAF = {
						CreatedOnToolsVersion = 9.4.1;
						TestTargetID = 3545F82021559BE8006F4AAF;
					};
					3545F83F21559BEB006F4AAF = {
						CreatedOnToolsVersion = 9.4.1;
						TestTargetID = 3545F82021559BE8006F4AAF;
					};
				};
			};
			buildConfigurationList = 3545F81C21559BE8006F4AAF /* Build configuration list for PBXProject "pokedex3" */;
			compatibilityVersion = "Xcode 9.3";
			developmentRegion = en;
			hasScannedForEncodings = 0;
			knownRegions = (
				en,
				Base,
			);
			mainGroup = 3545F81821559BE8006F4AAF;
			productRefGroup = 3545F82221559BE8006F4AAF /* Products */;
			projectDirPath = "";
			projectRoot = "";
			targets = (
				3545F82021559BE8006F4AAF /* pokedex3 */,
				3545F83421559BEB006F4AAF /* pokedex3Tests */,
				3545F83F21559BEB006F4AAF /* pokedex3UITests */,
			);
		};
/* End PBXProject section */

/* Begin PBXResourcesBuildPhase section */
		3545F81F21559BE8006F4AAF /* Resources */ = {
			isa = PBXResourcesBuildPhase;
			buildActionMask = 2147483647;
			files = (
				3545F82F21559BEB006F4AAF /* LaunchScreen.storyboard in Resources */,
				3545F82C21559BEB006F4AAF /* Assets.xcassets in Resources */,
				3545F82A21559BE8006F4AAF /* Main.storyboard in Resources */,
			);
			runOnlyForDeploymentPostprocessing = 0;
		};
		3545F83321559BEB006F4AAF /* Resources */ = {
			isa = PBXResourcesBuildPhase;
			buildActionMask = 2147483647;
			files = (
			);
			runOnlyForDeploymentPostprocessing = 0;
		};
		3545F83E21559BEB006F4AAF /* Resources */ = {
			isa = PBXResourcesBuildPhase;
			buildActionMask = 2147483647;
			files = (
			);
			runOnlyForDeploymentPostprocessing = 0;
		};
/* End PBXResourcesBuildPhase section */

/* Begin PBXSourcesBuildPhase section */
		3545F81D21559BE8006F4AAF /* Sources */ = {
			isa = PBXSourcesBuildPhase;
			buildActionMask = 2147483647;
			files = (
				3545F82721559BE8006F4AAF /* ViewController.swift in Sources */,
				3545F82521559BE8006F4AAF /* AppDelegate.swift in Sources */,
			);
			runOnlyForDeploymentPostprocessing = 0;
		};
		3545F83121559BEB006F4AAF /* Sources */ = {
			isa = PBXSourcesBuildPhase;
			buildActionMask = 2147483647;
			files = (
				3545F83A21559BEB006F4AAF /* pokedex3Tests.swift in Sources */,
			);
			runOnlyForDeploymentPostprocessing = 0;
		};
		3545F83C21559BEB006F4AAF /* Sources */ = {
			isa = PBXSourcesBuildPhase;
			buildActionMask = 2147483647;
			files = (
				3545F84521559BEB006F4AAF /* pokedex3UITests.swift in Sources */,
			);
			runOnlyForDeploymentPostprocessing = 0;
		};
/* End PBXSourcesBuildPhase section */

/* Begin PBXTargetDependency section */
		3545F83721559BEB006F4AAF /* PBXTargetDependency */ = {
			isa = PBXTargetDependency;
			target = 3545F82021559BE8006F4AAF /* pokedex3 */;
			targetProxy = 3545F83621559BEB006F4AAF /* PBXContainerItemProxy */;
		};
		3545F84221559BEB006F4AAF /* PBXTargetDependency */ = {
			isa = PBXTargetDependency;
			target = 3545F82021559BE8006F4AAF /* pokedex3 */;
			targetProxy = 3545F84121559BEB006F4AAF /* PBXContainerItemProxy */;
		};
/* End PBXTargetDependency section */

/* Begin PBXVariantGroup section */
		3545F82821559BE8006F4AAF /* Main.storyboard */ = {
			isa = PBXVariantGroup;
			children = (
				3545F82921559BE8006F4AAF /* Base */,
			);
			name = Main.storyboard;
			sourceTree = "<group>";
		};
		3545F82D21559BEB006F4AAF /* LaunchScreen.storyboard */ = {
			isa = PBXVariantGroup;
			children = (
				3545F82E21559BEB006F4AAF /* Base */,
			);
			name = LaunchScreen.storyboard;
			sourceTree = "<group>";
		};
/* End PBXVariantGroup section */

/* Begin XCBuildConfiguration section */
		3545F84721559BEB006F4AAF /* Debug */ = {
			isa = XCBuildConfiguration;
			buildSettings = {
				ALWAYS_SEARCH_USER_PATHS = NO;
				CLANG_ANALYZER_NONNULL = YES;
				CLANG_ANALYZER_NUMBER_OBJECT_CONVERSION = YES_AGGRESSIVE;
				CLANG_CXX_LANGUAGE_STANDARD = "gnu++14";
				CLANG_CXX_LIBRARY = "libc++";
				CLANG_ENABLE_MODULES = YES;
				CLANG_ENABLE_OBJC_ARC = YES;
				CLANG_ENABLE_OBJC_WEAK = YES;
				CLANG_WARN_BLOCK_CAPTURE_AUTORELEASING = YES;
				CLANG_WARN_BOOL_CONVERSION = YES;
				CLANG_WARN_COMMA = YES;
				CLANG_WARN_CONSTANT_CONVERSION = YES;
				CLANG_WARN_DEPRECATED_OBJC_IMPLEMENTATIONS = YES;
				CLANG_WARN_DIRECT_OBJC_ISA_USAGE = YES_ERROR;
				CLANG_WARN_DOCUMENTATION_COMMENTS = YES;
				CLANG_WARN_EMPTY_BODY = YES;
				CLANG_WARN_ENUM_CONVERSION = YES;
				CLANG_WARN_INFINITE_RECURSION = YES;
				CLANG_WARN_INT_CONVERSION = YES;
				CLANG_WARN_NON_LITERAL_NULL_CONVERSION = YES;
				CLANG_WARN_OBJC_IMPLICIT_RETAIN_SELF = YES;
				CLANG_WARN_OBJC_LITERAL_CONVERSION = YES;
				CLANG_WARN_OBJC_ROOT_CLASS = YES_ERROR;
				CLANG_WARN_RANGE_LOOP_ANALYSIS = YES;
				CLANG_WARN_STRICT_PROTOTYPES = YES;
				CLANG_WARN_SUSPICIOUS_MOVE = YES;
				CLANG_WARN_UNGUARDED_AVAILABILITY = YES_AGGRESSIVE;
				CLANG_WARN_UNREACHABLE_CODE = YES;
				CLANG_WARN__DUPLICATE_METHOD_MATCH = YES;
				CODE_SIGN_IDENTITY = "iPhone Developer";
				COPY_PHASE_STRIP = NO;
				DEBUG_INFORMATION_FORMAT = dwarf;
				ENABLE_STRICT_OBJC_MSGSEND = YES;
				ENABLE_TESTABILITY = YES;
				GCC_C_LANGUAGE_STANDARD = gnu11;
				GCC_DYNAMIC_NO_PIC = NO;
				GCC_NO_COMMON_BLOCKS = YES;
				GCC_OPTIMIZATION_LEVEL = 0;
				GCC_PREPROCESSOR_DEFINITIONS = (
					"DEBUG=1",
					"$(inherited)",
				);
				GCC_WARN_64_TO_32_BIT_CONVERSION = YES;
				GCC_WARN_ABOUT_RETURN_TYPE = YES_ERROR;
				GCC_WARN_UNDECLARED_SELECTOR = YES;
				GCC_WARN_UNINITIALIZED_AUTOS = YES_AGGRESSIVE;
				GCC_WARN_UNUSED_FUNCTION = YES;
				GCC_WARN_UNUSED_VARIABLE = YES;
				IPHONEOS_DEPLOYMENT_TARGET = 11.4;
				MTL_ENABLE_DEBUG_INFO = YES;
				ONLY_ACTIVE_ARCH = YES;
				SDKROOT = iphoneos;
				SWIFT_ACTIVE_COMPILATION_CONDITIONS = DEBUG;
				SWIFT_OPTIMIZATION_LEVEL = "-Onone";
			};
			name = Debug;
		};
		3545F84821559BEB006F4AAF /* Release */ = {
			isa = XCBuildConfiguration;
			buildSettings = {
				ALWAYS_SEARCH_USER_PATHS = NO;
				CLANG_ANALYZER_NONNULL = YES;
				CLANG_ANALYZER_NUMBER_OBJECT_CONVERSION = YES_AGGRESSIVE;
				CLANG_CXX_LANGUAGE_STANDARD = "gnu++14";
				CLANG_CXX_LIBRARY = "libc++";
				CLANG_ENABLE_MODULES = YES;
				CLANG_ENABLE_OBJC_ARC = YES;
				CLANG_ENABLE_OBJC_WEAK = YES;
				CLANG_WARN_BLOCK_CAPTURE_AUTORELEASING = YES;
				CLANG_WARN_BOOL_CONVERSION = YES;
				CLANG_WARN_COMMA = YES;
				CLANG_WARN_CONSTANT_CONVERSION = YES;
				CLANG_WARN_DEPRECATED_OBJC_IMPLEMENTATIONS = YES;
				CLANG_WARN_DIRECT_OBJC_ISA_USAGE = YES_ERROR;
				CLANG_WARN_DOCUMENTATION_COMMENTS = YES;
				CLANG_WARN_EMPTY_BODY = YES;
				CLANG_WARN_ENUM_CONVERSION = YES;
				CLANG_WARN_INFINITE_RECURSION = YES;
				CLANG_WARN_INT_CONVERSION = YES;
				CLANG_WARN_NON_LITERAL_NULL_CONVERSION = YES;
				CLANG_WARN_OBJC_IMPLICIT_RETAIN_SELF = YES;
				CLANG_WARN_OBJC_LITERAL_CONVERSION = YES;
				CLANG_WARN_OBJC_ROOT_CLASS = YES_ERROR;
				CLANG_WARN_RANGE_LOOP_ANALYSIS = YES;
				CLANG_WARN_STRICT_PROTOTYPES = YES;
				CLANG_WARN_SUSPICIOUS_MOVE = YES;
				CLANG_WARN_UNGUARDED_AVAILABILITY = YES_AGGRESSIVE;
				CLANG_WARN_UNREACHABLE_CODE = YES;
				CLANG_WARN__DUPLICATE_METHOD_MATCH = YES;
				CODE_SIGN_IDENTITY = "iPhone Developer";
				COPY_PHASE_STRIP = NO;
				DEBUG_INFORMATION_FORMAT = "dwarf-with-dsym";
				ENABLE_NS_ASSERTIONS = NO;
				ENABLE_STRICT_OBJC_MSGSEND = YES;
				GCC_C_LANGUAGE_STANDARD = gnu11;
				GCC_NO_COMMON_BLOCKS = YES;
				GCC_WARN_64_TO_32_BIT_CONVERSION = YES;
				GCC_WARN_ABOUT_RETURN_TYPE = YES_ERROR;
				GCC_WARN_UNDECLARED_SELECTOR = YES;
				GCC_WARN_UNINITIALIZED_AUTOS = YES_AGGRESSIVE;
				GCC_WARN_UNUSED_FUNCTION = YES;
				GCC_WARN_UNUSED_VARIABLE = YES;
				IPHONEOS_DEPLOYMENT_TARGET = 11.4;
				MTL_ENABLE_DEBUG_INFO = NO;
				SDKROOT = iphoneos;
				SWIFT_COMPILATION_MODE = wholemodule;
				SWIFT_OPTIMIZATION_LEVEL = "-O";
				VALIDATE_PRODUCT = YES;
			};
			name = Release;
		};
		3545F84A21559BEB006F4AAF /* Debug */ = {
			isa = XCBuildConfiguration;
			buildSettings = {
				ASSETCATALOG_COMPILER_APPICON_NAME = AppIcon;
				CODE_SIGN_STYLE = Automatic;
				INFOPLIST_FILE = pokedex3/Info.plist;
				LD_RUNPATH_SEARCH_PATHS = (
					"$(inherited)",
					"@executable_path/Frameworks",
				);
				PRODUCT_BUNDLE_IDENTIFIER = mvfoundation.pokedex3;
				PRODUCT_NAME = "$(TARGET_NAME)";
				SWIFT_VERSION = 4.0;
				TARGETED_DEVICE_FAMILY = "1,2";
			};
			name = Debug;
		};
		3545F84B21559BEB006F4AAF /* Release */ = {
			isa = XCBuildConfiguration;
			buildSettings = {
				ASSETCATALOG_COMPILER_APPICON_NAME = AppIcon;
				CODE_SIGN_STYLE = Automatic;
				INFOPLIST_FILE = pokedex3/Info.plist;
				LD_RUNPATH_SEARCH_PATHS = (
					"$(inherited)",
					"@executable_path/Frameworks",
				);
				PRODUCT_BUNDLE_IDENTIFIER = mvfoundation.pokedex3;
				PRODUCT_NAME = "$(TARGET_NAME)";
				SWIFT_VERSION = 4.0;
				TARGETED_DEVICE_FAMILY = "1,2";
			};
			name = Release;
		};
		3545F84D21559BEB006F4AAF /* Debug */ = {
			isa = XCBuildConfiguration;
			buildSettings = {
				ALWAYS_EMBED_SWIFT_STANDARD_LIBRARIES = YES;
				BUNDLE_LOADER = "$(TEST_HOST)";
				CODE_SIGN_STYLE = Automatic;
				INFOPLIST_FILE = pokedex3Tests/Info.plist;
				LD_RUNPATH_SEARCH_PATHS = (
					"$(inherited)",
					"@executable_path/Frameworks",
					"@loader_path/Frameworks",
				);
				PRODUCT_BUNDLE_IDENTIFIER = mvfoundation.pokedex3Tests;
				PRODUCT_NAME = "$(TARGET_NAME)";
				SWIFT_VERSION = 4.0;
				TARGETED_DEVICE_FAMILY = "1,2";
				TEST_HOST = "$(BUILT_PRODUCTS_DIR)/pokedex3.app/pokedex3";
			};
			name = Debug;
		};
		3545F84E21559BEB006F4AAF /* Release */ = {
			isa = XCBuildConfiguration;
			buildSettings = {
				ALWAYS_EMBED_SWIFT_STANDARD_LIBRARIES = YES;
				BUNDLE_LOADER = "$(TEST_HOST)";
				CODE_SIGN_STYLE = Automatic;
				INFOPLIST_FILE = pokedex3Tests/Info.plist;
				LD_RUNPATH_SEARCH_PATHS = (
					"$(inherited)",
					"@executable_path/Frameworks",
					"@loader_path/Frameworks",
				);
				PRODUCT_BUNDLE_IDENTIFIER = mvfoundation.pokedex3Tests;
				PRODUCT_NAME = "$(TARGET_NAME)";
				SWIFT_VERSION = 4.0;
				TARGETED_DEVICE_FAMILY = "1,2";
				TEST_HOST = "$(BUILT_PRODUCTS_DIR)/pokedex3.app/pokedex3";
			};
			name = Release;
		};
		3545F85021559BEB006F4AAF /* Debug */ = {
			isa = XCBuildConfiguration;
			buildSettings = {
				ALWAYS_EMBED_SWIFT_STANDARD_LIBRARIES = YES;
				CODE_SIGN_STYLE = Automatic;
				INFOPLIST_FILE = pokedex3UITests/Info.plist;
				LD_RUNPATH_SEARCH_PATHS = (
					"$(inherited)",
					"@executable_path/Frameworks",
					"@loader_path/Frameworks",
				);
				PRODUCT_BUNDLE_IDENTIFIER = mvfoundation.pokedex3UITests;
				PRODUCT_NAME = "$(TARGET_NAME)";
				SWIFT_VERSION = 4.0;
				TARGETED_DEVICE_FAMILY = "1,2";
				TEST_TARGET_NAME = pokedex3;
			};
			name = Debug;
		};
		3545F85121559BEB006F4AAF /* Release */ = {
			isa = XCBuildConfiguration;
			buildSettings = {
				ALWAYS_EMBED_SWIFT_STANDARD_LIBRARIES = YES;
				CODE_SIGN_STYLE = Automatic;
				INFOPLIST_FILE = pokedex3UITests/Info.plist;
				LD_RUNPATH_SEARCH_PATHS = (
					"$(inherited)",
					"@executable_path/Frameworks",
					"@loader_path/Frameworks",
				);
				PRODUCT_BUNDLE_IDENTIFIER = mvfoundation.pokedex3UITests;
				PRODUCT_NAME = "$(TARGET_NAME)";
				SWIFT_VERSION = 4.0;
				TARGETED_DEVICE_FAMILY = "1,2";
				TEST_TARGET_NAME = pokedex3;
			};
			name = Release;
		};
/* End XCBuildConfiguration section */

/* Begin XCConfigurationList section */
		3545F81C21559BE8006F4AAF /* Build configuration list for PBXProject "pokedex3" */ = {
			isa = XCConfigurationList;
			buildConfigurations = (
				3545F84721559BEB006F4AAF /* Debug */,
				3545F84821559BEB006F4AAF /* Release */,
			);
			defaultConfigurationIsVisible = 0;
			defaultConfigurationName = Release;
		};
		3545F84921559BEB006F4AAF /* Build configuration list for PBXNativeTarget "pokedex3" */ = {
			isa = XCConfigurationList;
			buildConfigurations = (
				3545F84A21559BEB006F4AAF /* Debug */,
				3545F84B21559BEB006F4AAF /* Release */,
			);
			defaultConfigurationIsVisible = 0;
			defaultConfigurationName = Release;
		};
		3545F84C21559BEB006F4AAF /* Build configuration list for PBXNativeTarget "pokedex3Tests" */ = {
			isa = XCConfigurationList;
			buildConfigurations = (
				3545F84D21559BEB006F4AAF /* Debug */,
				3545F84E21559BEB006F4AAF /* Release */,
			);
			defaultConfigurationIsVisible = 0;
			defaultConfigurationName = Release;
		};
		3545F84F21559BEB006F4AAF /* Build configuration list for PBXNativeTarget "pokedex3UITests" */ = {
			isa = XCConfigurationList;
			buildConfigurations = (
				3545F85021559BEB006F4AAF /* Debug */,
				3545F85121559BEB006F4AAF /* Release */,
			);
			defaultConfigurationIsVisible = 0;
			defaultConfigurationName = Release;
		};
/* End XCConfigurationList section */
	};
	rootObject = 3545F81921559BE8006F4AAF /* Project object */;
}
